
Microsoft Visual Studio Solution File, Format Version 12.00
# Visual Studio Version 16
VisualStudioVersion = 16.0.30907.101
MinimumVisualStudioVersion = 10.0.40219.1
Project("{FAE04EC0-301F-11D3-BF4B-00C04F79EFBC}") = "CountSquareShapesTest", "CountSquareShapesTest.csproj", "{1C9D0BD0-6F9E-4342-96ED-89CF07012473}"
EndProject
Global
	GlobalSection(SolutionConfigurationPlatforms) = preSolution
		Debug|Any CPU = Debug|Any CPU
		Release|Any CPU = Release|Any CPU
	EndGlobalSection
	GlobalSection(ProjectConfigurationPlatforms) = postSolution
		{1C9D0BD0-6F9E-4342-96ED-89CF07012473}.Debug|Any CPU.ActiveCfg = Debug|Any CPU
		{1C9D0BD0-6F9E-4342-96ED-89CF07012473}.Debug|Any CPU.Build.0 = Debug|Any CPU
		{1C9D0BD0-6F9E-4342-96ED-89CF07012473}.Release|Any CPU.ActiveCfg = Release|Any CPU
		{1C9D0BD0-6F9E-4342-96ED-89CF07012473}.Release|Any CPU.Build.0 = Release|Any CPU
	EndGlobalSection
	GlobalSection(SolutionProperties) = preSolution
		HideSolutionNode = FALSE
	EndGlobalSection
	GlobalSection(ExtensibilityGlobals) = postSolution
		SolutionGuid = {19405E42-5F1F-49D8-96CE-0BD034558186}
	EndGlobalSection
EndGlobal
